PODS:
  - HNCalendarView (0.0.0):
    - SwiftDate (~> 3)
  - SwiftDate (3.0.8)

DEPENDENCIES:
  - HNCalendarView (from `InternalPods/HNCalendarView`)

EXTERNAL SOURCES:
  HNCalendarView:
    :path: InternalPods/HNCalendarView

SPEC CHECKSUMS:
  HNCalendarView: 15b4160eed6821c1346519c86becefb6eeb86cd5
  SwiftDate: 971f8b9394f664f2226b9c3ab64e801a7291c612

COCOAPODS: 0.39.0
